{
  "projects": [
    {
      "projectId": "seaQhLVS4bbjiGvJJrRwyL",
      "version": "15.0.3",
      "dependencies": {},
      "lang": "js",
      "fileLocks": [
        {
          "assetId": "seaQhLVS4bbjiGvJJrRwyL",
          "type": "projectCss",
          "checksum": "174eea901e0665102c7080f882556fac"
        }
      ],
      "codegenVersion": "0.0.1"
    },
    {
      "projectId": "4ZbF6xR4EPfL4FhddXLYkw",
      "version": "latest",
      "dependencies": {
        "seaQhLVS4bbjiGvJJrRwyL": "15.0.3"
      },
      "lang": "js",
      "fileLocks": [
        {
          "type": "globalVariant",
          "assetId": "Q7X89FOEYbPl",
          "checksum": "ff5aa870d75c2784d5b1de13544b1cce"
        },
        {
          "assetId": "4ZbF6xR4EPfL4FhddXLYkw",
          "type": "projectCss",
          "checksum": "64858ecc72849bc3c6bc4e37b8802d70"
        },
        {
          "type": "renderModule",
          "assetId": "h5TO7Eb8R18C",
          "checksum": "ba5731402e9fbce32cad660be340ab0b"
        },
        {
          "type": "cssRules",
          "assetId": "h5TO7Eb8R18C",
          "checksum": "ba5731402e9fbce32cad660be340ab0b"
        },
        {
          "type": "renderModule",
          "assetId": "8jicFGET409g",
          "checksum": "31d4e922364d889979e1cfd08d2f038d"
        },
        {
          "type": "cssRules",
          "assetId": "8jicFGET409g",
          "checksum": "31d4e922364d889979e1cfd08d2f038d"
        },
        {
          "type": "renderModule",
          "assetId": "k8EMd_0Da3Wc",
          "checksum": "1860f81e306a080e7072187e91391a45"
        },
        {
          "type": "cssRules",
          "assetId": "k8EMd_0Da3Wc",
          "checksum": "1860f81e306a080e7072187e91391a45"
        },
        {
          "type": "renderModule",
          "assetId": "2NNzWqDt2N9u",
          "checksum": "77cd8b139c745dac4c7ce380f1d31126"
        },
        {
          "type": "cssRules",
          "assetId": "2NNzWqDt2N9u",
          "checksum": "77cd8b139c745dac4c7ce380f1d31126"
        },
        {
          "type": "renderModule",
          "assetId": "k-MRlDskaa2R",
          "checksum": "a66a523d9de5f2ba29cb5d04ee4ca7d6"
        },
        {
          "type": "cssRules",
          "assetId": "k-MRlDskaa2R",
          "checksum": "a66a523d9de5f2ba29cb5d04ee4ca7d6"
        },
        {
          "type": "renderModule",
          "assetId": "m5OkBM9Os7CG",
          "checksum": "22cb8840b37f36fd82e8498852ae45c6"
        },
        {
          "type": "cssRules",
          "assetId": "m5OkBM9Os7CG",
          "checksum": "22cb8840b37f36fd82e8498852ae45c6"
        },
        {
          "type": "renderModule",
          "assetId": "rmad6N43eRHm",
          "checksum": "6afec07cf059ee6d105137b0ded62943"
        },
        {
          "type": "cssRules",
          "assetId": "rmad6N43eRHm",
          "checksum": "6afec07cf059ee6d105137b0ded62943"
        },
        {
          "type": "renderModule",
          "assetId": "U_LZf-YwzvxO",
          "checksum": "d770e053c2d9c3d94b2dd68911992710"
        },
        {
          "type": "cssRules",
          "assetId": "U_LZf-YwzvxO",
          "checksum": "d770e053c2d9c3d94b2dd68911992710"
        },
        {
          "type": "renderModule",
          "assetId": "ReAQDqh_iS6E",
          "checksum": "52096c839cadfa0ba805ed3aabd7bb8c"
        },
        {
          "type": "cssRules",
          "assetId": "ReAQDqh_iS6E",
          "checksum": "52096c839cadfa0ba805ed3aabd7bb8c"
        },
        {
          "type": "renderModule",
          "assetId": "WFcjUgm28knC",
          "checksum": "e1aeb0cd32bf196b9876e08e34884824"
        },
        {
          "type": "cssRules",
          "assetId": "WFcjUgm28knC",
          "checksum": "e1aeb0cd32bf196b9876e08e34884824"
        },
        {
          "type": "renderModule",
          "assetId": "xbgBmi4JuBZ6",
          "checksum": "4aa6c51d3bd012f8eba0a6abf32c8bfb"
        },
        {
          "type": "cssRules",
          "assetId": "xbgBmi4JuBZ6",
          "checksum": "4aa6c51d3bd012f8eba0a6abf32c8bfb"
        },
        {
          "type": "renderModule",
          "assetId": "uxd9k0iQPueH",
          "checksum": "2953ddcfa885a1393a2e5cb8fd188543"
        },
        {
          "type": "cssRules",
          "assetId": "uxd9k0iQPueH",
          "checksum": "2953ddcfa885a1393a2e5cb8fd188543"
        },
        {
          "type": "renderModule",
          "assetId": "t69hcxn8CL3k",
          "checksum": "04687d89a7b6afe74cd001929921af2b"
        },
        {
          "type": "cssRules",
          "assetId": "t69hcxn8CL3k",
          "checksum": "04687d89a7b6afe74cd001929921af2b"
        },
        {
          "type": "renderModule",
          "assetId": "pdx1EWV33o6K",
          "checksum": "c501ce69a2845b61f278fb2fe1ea3707"
        },
        {
          "type": "cssRules",
          "assetId": "pdx1EWV33o6K",
          "checksum": "c501ce69a2845b61f278fb2fe1ea3707"
        },
        {
          "type": "renderModule",
          "assetId": "jkg3RmshIaT_",
          "checksum": "be28f302b789db601622b37bc2eb1041"
        },
        {
          "type": "cssRules",
          "assetId": "jkg3RmshIaT_",
          "checksum": "be28f302b789db601622b37bc2eb1041"
        },
        {
          "type": "renderModule",
          "assetId": "Kbfw0aXINDst",
          "checksum": "5c3c99dab8c3a549b9254388c4c129e3"
        },
        {
          "type": "cssRules",
          "assetId": "Kbfw0aXINDst",
          "checksum": "5c3c99dab8c3a549b9254388c4c129e3"
        },
        {
          "type": "renderModule",
          "assetId": "kJsDk6KG-O8f",
          "checksum": "d0bdfb75b5071045a73a3bdf00396777"
        },
        {
          "type": "cssRules",
          "assetId": "kJsDk6KG-O8f",
          "checksum": "d0bdfb75b5071045a73a3bdf00396777"
        },
        {
          "type": "icon",
          "assetId": "F_b_EO2SY2E-",
          "checksum": "8a5593101b1bc7f390984cdea60e074b"
        },
        {
          "type": "icon",
          "assetId": "Bhm-C6_3S-0y",
          "checksum": "561f43bfe8ab19d70540bbf218c123a6"
        },
        {
          "type": "icon",
          "assetId": "K1kwl2VebP2S",
          "checksum": "192b56dd3afd5ef20d88d5acf798a2d8"
        },
        {
          "type": "icon",
          "assetId": "ophDTm3xACNq",
          "checksum": "f749fc8e6e35ec4f1b27792a3e8bb9c5"
        },
        {
          "type": "icon",
          "assetId": "psEZeLrkdgcG",
          "checksum": "cbe0376dee7ae5883cfc1f29e45ca8bd"
        },
        {
          "type": "icon",
          "assetId": "Bx-96MIEwhd8",
          "checksum": "771eeaa00623f798e45117ce0f92f74e"
        },
        {
          "type": "icon",
          "assetId": "8hnfOFWRv6fV",
          "checksum": "0302a3671aabb1ea9f59f38f454ba950"
        },
        {
          "type": "icon",
          "assetId": "MAss1xnwc3dW",
          "checksum": "503b1120a57026efc83cc8f3d907206c"
        },
        {
          "type": "icon",
          "assetId": "QAMp_VnUxpnV",
          "checksum": "e313d8041009f70950207d57c7b8f633"
        },
        {
          "type": "icon",
          "assetId": "oMfSrnKbpc7G",
          "checksum": "1e2259186e3b8cba5b704eec88a8e0f5"
        },
        {
          "type": "icon",
          "assetId": "M9RGOnK3loPD",
          "checksum": "e36b25e25f145860ffe45e0d8385a165"
        },
        {
          "type": "icon",
          "assetId": "MzSkDpDB0c2c",
          "checksum": "4e485e2cb2054e884ff35506c78de2e5"
        },
        {
          "type": "icon",
          "assetId": "Kx2ldAnfk0WU",
          "checksum": "f22fc9301cafa53413f265318c71fe5a"
        },
        {
          "type": "icon",
          "assetId": "njRsNArF-8ci",
          "checksum": "bff1f7f1c8983d51eb266e292c87efac"
        },
        {
          "type": "icon",
          "assetId": "oiptnTfcIM4M",
          "checksum": "a2d0a14aa38b9e7e34d46ddabdc16d9e"
        },
        {
          "type": "icon",
          "assetId": "G4Hv7rnwZJbT",
          "checksum": "2557627ab307088533e7d201ddf0c748"
        },
        {
          "type": "icon",
          "assetId": "mJEiQeVVSCa2",
          "checksum": "9578ddc09d6bc3485986146986c931f9"
        },
        {
          "type": "icon",
          "assetId": "mcMuz3OJbIij",
          "checksum": "8d2f62edec49dc3eb3ce95ff1e6d0706"
        },
        {
          "type": "icon",
          "assetId": "rtzC_ZdAIRbH",
          "checksum": "243a8b09a6a4d53c3cf220b73eaf1544"
        },
        {
          "type": "icon",
          "assetId": "ojpECICJ9Hj2",
          "checksum": "c4cb8bad2cf8f63fce7d83c7ea762b4a"
        },
        {
          "type": "icon",
          "assetId": "fdzefSrEk6p9",
          "checksum": "e35ccfcbd8e3c6999d83dfe5e7c1cfdd"
        },
        {
          "type": "icon",
          "assetId": "InAz7xyieiLz",
          "checksum": "81375659b8806a885a1668732030cbfa"
        },
        {
          "type": "image",
          "assetId": "4YqNTnBZlvJc",
          "checksum": "cb7579c33e13a13b04cfb08c556e0577"
        },
        {
          "type": "image",
          "assetId": "fRYY8f5jlHuw",
          "checksum": "40c820e6135914d5da65b8a20a695fc2"
        },
        {
          "type": "image",
          "assetId": "6pI3vjfT24BM",
          "checksum": "6eea2f84fe697cc21a71f081f847bf28"
        },
        {
          "type": "image",
          "assetId": "e1JdEmCc8wSJ",
          "checksum": "93b1f3f339493d091d4777bc875670dc"
        }
      ],
      "codegenVersion": "0.0.1"
    }
  ],
  "cliVersion": "0.1.337"
}
